
Microsoft Visual Studio Solution File, Format Version 12.00
# Visual Studio Version 16
VisualStudioVersion = 16.0.808.6
MinimumVisualStudioVersion = 10.0.40219.1
Project("{9A19103F-16F7-4668-BE54-9A1E7A4F7556}") = "BlazorApp", "BlazorApp\BlazorApp.csproj", "{130A7DC3-8140-41AF-9860-A9B9AED8F20A}"
EndProject
Project("{FAE04EC0-301F-11D3-BF4B-00C04F79EFBC}") = "TMI.Test", "TMI.Test\TMI.Test.csproj", "{D4D9E0C1-52BD-43E3-92A7-89714C73B3AB}"
EndProject
Global
	GlobalSection(SolutionConfigurationPlatforms) = preSolution
		Debug|Any CPU = Debug|Any CPU
		Release|Any CPU = Release|Any CPU
	EndGlobalSection
	GlobalSection(ProjectConfigurationPlatforms) = postSolution
		{130A7DC3-8140-41AF-9860-A9B9AED8F20A}.Debug|Any CPU.ActiveCfg = Debug|Any CPU
		{130A7DC3-8140-41AF-9860-A9B9AED8F20A}.Debug|Any CPU.Build.0 = Debug|Any CPU
		{130A7DC3-8140-41AF-9860-A9B9AED8F20A}.Release|Any CPU.ActiveCfg = Release|Any CPU
		{130A7DC3-8140-41AF-9860-A9B9AED8F20A}.Release|Any CPU.Build.0 = Release|Any CPU
		{D4D9E0C1-52BD-43E3-92A7-89714C73B3AB}.Debug|Any CPU.ActiveCfg = Debug|Any CPU
		{D4D9E0C1-52BD-43E3-92A7-89714C73B3AB}.Debug|Any CPU.Build.0 = Debug|Any CPU
		{D4D9E0C1-52BD-43E3-92A7-89714C73B3AB}.Release|Any CPU.ActiveCfg = Release|Any CPU
		{D4D9E0C1-52BD-43E3-92A7-89714C73B3AB}.Release|Any CPU.Build.0 = Release|Any CPU
	EndGlobalSection
	GlobalSection(SolutionProperties) = preSolution
		HideSolutionNode = FALSE
	EndGlobalSection
	GlobalSection(ExtensibilityGlobals) = postSolution
		SolutionGuid = {C6736ED4-AB11-4B08-8E9E-4EFE6B4C68BC}
	EndGlobalSection
EndGlobal
